github.com/lvyuemeng/Noteloom v0.0.0-20250921042809-4177faed519d h1:MnecovoTr8wholx4prXzJyW8PqxFvExTzYH3UdBprQc=
github.com/lvyuemeng/Noteloom v0.0.0-20250921042809-4177faed519d/go.mod h1:PLy10jahQmZHEUIPPOTITJeMWWG777zxJWTfhTetKKo=
github.com/lvyuemeng/Noteloom v0.0.0-20250921043052-bd49a7f73444 h1:y/uTIlwrcfdcw1zf9OPNL0B0/mWIDnyqwC/sAA3JfJY=
github.com/lvyuemeng/Noteloom v0.0.0-20250921043052-bd49a7f73444/go.mod h1:PLy10jahQmZHEUIPPOTITJeMWWG777zxJWTfhTetKKo=
github.com/lvyuemeng/Noteloom v0.0.0-20250921063150-40d4a662a19b h1:HYuYNvZz2Q3djlCwJQbe9RaRgSgHEKuk0BVvwsM5dno=
github.com/lvyuemeng/Noteloom v0.0.0-20250921063150-40d4a662a19b/go.mod h1:PLy10jahQmZHEUIPPOTITJeMWWG777zxJWTfhTetKKo=
github.com/lvyuemeng/Noteloom v0.0.0-20250921063327-3b357a90acdb h1:TzZfSgml6BZgHcOjAt5H2WxzwM4rgr1TpUZZFR1KTsw=
github.com/lvyuemeng/Noteloom v0.0.0-20250921063327-3b357a90acdb/go.mod h1:PLy10jahQmZHEUIPPOTITJeMWWG777zxJWTfhTetKKo=
