github.com/adityatelange/hugo-PaperMod v0.0.0-20260802175912-d3768854d00a h1:Bkfmfl/zjay3M8OOMx7tALMHDYc9jRwj5rUKN4OzOPc=
github.com/adityatelange/hugo-PaperMod v0.0.0-20260802175912-d3768854d00a/go.mod h1:sp5WH671pzcVNpWKveBQKlBfu6T9uvcBI/4B3BSojKw=
github.com/nostalume/Noteloom v0.0.0-20260827102852-a55e36693481 h1:gCUMkE68bUZi7XtrTtKnewKf/BjOc7EW9G0+HAscSTo=
github.com/nostalume/Noteloom v0.0.0-20260827102852-a55e36693481/go.mod h1:qRwsgcR67pjy2b9THqN2YRhU3qYbw/01MjC1AX94kAo=
