github.com/lvyuemeng/Noteloom v0.0.0-20250921042809-4177faed519d h1:MnecovoTr8wholx4prXzJyW8PqxFvExTzYH3UdBprQc=
github.com/lvyuemeng/Noteloom v0.0.0-20250921042809-4177faed519d/go.mod h1:PLy10jahQmZHEUIPPOTITJeMWWG777zxJWTfhTetKKo=
github.com/lvyuemeng/Noteloom v0.0.0-20250921043052-bd49a7f73444 h1:y/uTIlwrcfdcw1zf9OPNL0B0/mWIDnyqwC/sAA3JfJY=
github.com/lvyuemeng/Noteloom v0.0.0-20250921043052-bd49a7f73444/go.mod h1:PLy10jahQmZHEUIPPOTITJeMWWG777zxJWTfhTetKKo=
